
Microsoft Visual Studio Solution File, Format Version 12.00
# Visual Studio Version 17
VisualStudioVersion = 17.1.32210.238
MinimumVisualStudioVersion = 10.0.40219.1
Project("{F184B08F-C81C-45F6-A57F-5ABD9991F28F}") = "appJsonVB", "appJsonVB\appJsonVB.vbproj", "{FF0D033D-0A6C-47D3-86F1-0D369245F6BF}"
EndProject
Global
	GlobalSection(SolutionConfigurationPlatforms) = preSolution
		Debug|Any CPU = Debug|Any CPU
		Release|Any CPU = Release|Any CPU
	EndGlobalSection
	GlobalSection(ProjectConfigurationPlatforms) = postSolution
		{FF0D033D-0A6C-47D3-86F1-0D369245F6BF}.Debug|Any CPU.ActiveCfg = Debug|Any CPU
		{FF0D033D-0A6C-47D3-86F1-0D369245F6BF}.Debug|Any CPU.Build.0 = Debug|Any CPU
		{FF0D033D-0A6C-47D3-86F1-0D369245F6BF}.Release|Any CPU.ActiveCfg = Release|Any CPU
		{FF0D033D-0A6C-47D3-86F1-0D369245F6BF}.Release|Any CPU.Build.0 = Release|Any CPU
	EndGlobalSection
	GlobalSection(SolutionProperties) = preSolution
		HideSolutionNode = FALSE
	EndGlobalSection
	GlobalSection(ExtensibilityGlobals) = postSolution
		SolutionGuid = {BC90CE17-C4BF-4F03-A10C-314C0143F8D2}
	EndGlobalSection
EndGlobal
